
Microsoft Visual Studio Solution File, Format Version 12.00
# Visual Studio 15
Project("{FAE04EC0-301F-11D3-BF4B-00C04F79EFBC}") = "Assembly-CSharp", "Assembly-CSharp.csproj", "{776B0FE5-F695-A570-6C9D-90F87B893318}"
EndProject
Global
	GlobalSection(SolutionConfigurationPlatforms) = preSolution
		Debug|Any CPU = Debug|Any CPU
		Release|Any CPU = Release|Any CPU
	EndGlobalSection
	GlobalSection(ProjectConfigurationPlatforms) = postSolution
		{776B0FE5-F695-A570-6C9D-90F87B893318}.Debug|Any CPU.ActiveCfg = Debug|Any CPU
		{776B0FE5-F695-A570-6C9D-90F87B893318}.Debug|Any CPU.Build.0 = Debug|Any CPU
		{776B0FE5-F695-A570-6C9D-90F87B893318}.Release|Any CPU.ActiveCfg = Release|Any CPU
		{776B0FE5-F695-A570-6C9D-90F87B893318}.Release|Any CPU.Build.0 = Release|Any CPU
	EndGlobalSection
	GlobalSection(SolutionProperties) = preSolution
		HideSolutionNode = FALSE
	EndGlobalSection
EndGlobal
